
Microsoft Visual Studio Solution File, Format Version 12.00
# Visual Studio Version 17
VisualStudioVersion = 17.3.32929.385
MinimumVisualStudioVersion = 10.0.40219.1
Project("{FAE04EC0-301F-11D3-BF4B-00C04F79EFBC}") = "HUE1.0", "HUE1.0\HUE1.0.csproj", "{0B1B4161-A394-46EC-A669-0671FD46E0EC}"
EndProject
Global
	GlobalSection(SolutionConfigurationPlatforms) = preSolution
		Debug|Any CPU = Debug|Any CPU
		Release|Any CPU = Release|Any CPU
	EndGlobalSection
	GlobalSection(ProjectConfigurationPlatforms) = postSolution
		{0B1B4161-A394-46EC-A669-0671FD46E0EC}.Debug|Any CPU.ActiveCfg = Debug|Any CPU
		{0B1B4161-A394-46EC-A669-0671FD46E0EC}.Debug|Any CPU.Build.0 = Debug|Any CPU
		{0B1B4161-A394-46EC-A669-0671FD46E0EC}.Release|Any CPU.ActiveCfg = Release|Any CPU
		{0B1B4161-A394-46EC-A669-0671FD46E0EC}.Release|Any CPU.Build.0 = Release|Any CPU
	EndGlobalSection
	GlobalSection(SolutionProperties) = preSolution
		HideSolutionNode = FALSE
	EndGlobalSection
	GlobalSection(ExtensibilityGlobals) = postSolution
		SolutionGuid = {A7CBBC39-1A4C-400C-BB7B-72F7759E20E6}
	EndGlobalSection
EndGlobal
